{
  "version": 2,
  "dependencies": {
    "net10.0-windows10.0.26100": {
      "connectionclue.analysis": {
        "type": "Project"
      },
      "connectionclue.core": {
        "type": "Project"
      },
      "connectionclue.presentation": {
        "type": "Project",
        "dependencies": {
          "CommunityToolkit.Mvvm": "[8.4.2, )",
          "ConnectionClue.Analysis": "[1.0.5, )",
          "ConnectionClue.Core": "[1.0.5, )"
        }
      },
      "connectionclue.windows": {
        "type": "Project",
        "dependencies": {
          "ConnectionClue.Core": "[1.0.5, )",
          "System.Management": "[10.0.12, )"
        }
      },
      "CommunityToolkit.Mvvm": {
        "type": "CentralTransitive",
        "requested": "[8.4.2, )",
        "resolved": "8.4.2",
        "contentHash": "WadCzGEc2U+3e20avRLng4qNtt4zoOGWrdUISqJWrHe3/FSnrYjuM5Sb4yQb09LhkBXrrI4Zt3dLKgRMbItsrg=="
      },
      "System.Management": {
        "type": "CentralTransitive",
        "requested": "[10.0.12, )",
        "resolved": "10.0.12",
        "contentHash": "ApUsYmsNG8aPiMxsO6ROGZnqJwSZY8zeMlAQcuQg+ilPFUcIyBUC0BL8qA6wmPLNVsvL4nyhUrhhxh6qn0cx0Q=="
      }
    },
    "net10.0-windows10.0.26100/win-arm64": {
      "System.Management": {
        "type": "CentralTransitive",
        "requested": "[10.0.12, )",
        "resolved": "10.0.12",
        "contentHash": "ApUsYmsNG8aPiMxsO6ROGZnqJwSZY8zeMlAQcuQg+ilPFUcIyBUC0BL8qA6wmPLNVsvL4nyhUrhhxh6qn0cx0Q=="
      }
    }
  }
}